
Microsoft Visual Studio Solution File, Format Version 12.00
# Visual Studio Version 17
VisualStudioVersion = 17.10.35122.118
MinimumVisualStudioVersion = 10.0.40219.1
Project("{2150E333-8FDC-42A3-9474-1A3956D46DE8}") = "Solution Items", "Solution Items", "{693A3DFC-22E1-4E8F-8956-CB66994BB1A0}"
	ProjectSection(SolutionItems) = preProject
		.dockerignore = .dockerignore
		.gitignore = .gitignore
	EndProjectSection
EndProject
Project("{2150E333-8FDC-42A3-9474-1A3956D46DE8}") = "root", "root", "{947AC9DC-5C6D-4E63-9256-D680346E7C6A}"
EndProject
Project("{9A19103F-16F7-4668-BE54-9A1E7A4F7556}") = "ParkingLot.WebAPI", "root\ParkingLot.WebAPI\ParkingLot.WebAPI.csproj", "{AD693DB0-18D2-4D7F-B356-39D6574185EC}"
EndProject
Project("{9A19103F-16F7-4668-BE54-9A1E7A4F7556}") = "ParkingLot.Services", "root\ParkingLot.Services\ParkingLot.Services.csproj", "{E3F231D3-599C-49D7-93FA-1689C27A8E1C}"
EndProject
Project("{9A19103F-16F7-4668-BE54-9A1E7A4F7556}") = "ParkingLot.Models", "root\ParkingLot.Models\ParkingLot.Models.csproj", "{08A7A94E-BF06-4B52-97D4-AE81C2ACEE85}"
EndProject
Project("{9A19103F-16F7-4668-BE54-9A1E7A4F7556}") = "ParkingLot.DAL", "root\ParkingLot.DAL\ParkingLot.DAL.csproj", "{0ED3262B-6DF3-473F-89BB-EF73287A721A}"
EndProject
Global
	GlobalSection(SolutionConfigurationPlatforms) = preSolution
		Debug|Any CPU = Debug|Any CPU
		Release|Any CPU = Release|Any CPU
	EndGlobalSection
	GlobalSection(ProjectConfigurationPlatforms) = postSolution
		{AD693DB0-18D2-4D7F-B356-39D6574185EC}.Debug|Any CPU.ActiveCfg = Debug|Any CPU
		{AD693DB0-18D2-4D7F-B356-39D6574185EC}.Debug|Any CPU.Build.0 = Debug|Any CPU
		{AD693DB0-18D2-4D7F-B356-39D6574185EC}.Release|Any CPU.ActiveCfg = Release|Any CPU
		{AD693DB0-18D2-4D7F-B356-39D6574185EC}.Release|Any CPU.Build.0 = Release|Any CPU
		{E3F231D3-599C-49D7-93FA-1689C27A8E1C}.Debug|Any CPU.ActiveCfg = Debug|Any CPU
		{E3F231D3-599C-49D7-93FA-1689C27A8E1C}.Debug|Any CPU.Build.0 = Debug|Any CPU
		{E3F231D3-599C-49D7-93FA-1689C27A8E1C}.Release|Any CPU.ActiveCfg = Release|Any CPU
		{E3F231D3-599C-49D7-93FA-1689C27A8E1C}.Release|Any CPU.Build.0 = Release|Any CPU
		{08A7A94E-BF06-4B52-97D4-AE81C2ACEE85}.Debug|Any CPU.ActiveCfg = Debug|Any CPU
		{08A7A94E-BF06-4B52-97D4-AE81C2ACEE85}.Debug|Any CPU.Build.0 = Debug|Any CPU
		{08A7A94E-BF06-4B52-97D4-AE81C2ACEE85}.Release|Any CPU.ActiveCfg = Release|Any CPU
		{08A7A94E-BF06-4B52-97D4-AE81C2ACEE85}.Release|Any CPU.Build.0 = Release|Any CPU
		{0ED3262B-6DF3-473F-89BB-EF73287A721A}.Debug|Any CPU.ActiveCfg = Debug|Any CPU
		{0ED3262B-6DF3-473F-89BB-EF73287A721A}.Debug|Any CPU.Build.0 = Debug|Any CPU
		{0ED3262B-6DF3-473F-89BB-EF73287A721A}.Release|Any CPU.ActiveCfg = Release|Any CPU
		{0ED3262B-6DF3-473F-89BB-EF73287A721A}.Release|Any CPU.Build.0 = Release|Any CPU
	EndGlobalSection
	GlobalSection(SolutionProperties) = preSolution
		HideSolutionNode = FALSE
	EndGlobalSection
	GlobalSection(NestedProjects) = preSolution
		{AD693DB0-18D2-4D7F-B356-39D6574185EC} = {947AC9DC-5C6D-4E63-9256-D680346E7C6A}
		{E3F231D3-599C-49D7-93FA-1689C27A8E1C} = {947AC9DC-5C6D-4E63-9256-D680346E7C6A}
		{08A7A94E-BF06-4B52-97D4-AE81C2ACEE85} = {947AC9DC-5C6D-4E63-9256-D680346E7C6A}
		{0ED3262B-6DF3-473F-89BB-EF73287A721A} = {947AC9DC-5C6D-4E63-9256-D680346E7C6A}
	EndGlobalSection
	GlobalSection(ExtensibilityGlobals) = postSolution
		SolutionGuid = {4CF308CD-2EBA-4968-A50A-80A0FBF12703}
	EndGlobalSection
EndGlobal
